
Microsoft Visual Studio Solution File, Format Version 12.00
# Visual Studio 15
VisualStudioVersion = 15.0.27703.2042
MinimumVisualStudioVersion = 10.0.40219.1
Project("{FAE04EC0-301F-11D3-BF4B-00C04F79EFBC}") = "Toad", "Toad\Toad.csproj", "{696AA3E7-5B06-4D6D-BAFD-64CE6BBE39A9}"
EndProject
Project("{FAE04EC0-301F-11D3-BF4B-00C04F79EFBC}") = "Ribbit.NET", "Ribbit.NET\Ribbit.NET.csproj", "{75651A44-4C68-46B9-9C1C-3477E07D9E15}"
EndProject
Global
	GlobalSection(SolutionConfigurationPlatforms) = preSolution
		Debug|Any CPU = Debug|Any CPU
		Release|Any CPU = Release|Any CPU
	EndGlobalSection
	GlobalSection(ProjectConfigurationPlatforms) = postSolution
		{696AA3E7-5B06-4D6D-BAFD-64CE6BBE39A9}.Debug|Any CPU.ActiveCfg = Debug|Any CPU
		{696AA3E7-5B06-4D6D-BAFD-64CE6BBE39A9}.Debug|Any CPU.Build.0 = Debug|Any CPU
		{696AA3E7-5B06-4D6D-BAFD-64CE6BBE39A9}.Release|Any CPU.ActiveCfg = Release|Any CPU
		{696AA3E7-5B06-4D6D-BAFD-64CE6BBE39A9}.Release|Any CPU.Build.0 = Release|Any CPU
		{75651A44-4C68-46B9-9C1C-3477E07D9E15}.Debug|Any CPU.ActiveCfg = Debug|Any CPU
		{75651A44-4C68-46B9-9C1C-3477E07D9E15}.Debug|Any CPU.Build.0 = Debug|Any CPU
		{75651A44-4C68-46B9-9C1C-3477E07D9E15}.Release|Any CPU.ActiveCfg = Release|Any CPU
		{75651A44-4C68-46B9-9C1C-3477E07D9E15}.Release|Any CPU.Build.0 = Release|Any CPU
	EndGlobalSection
	GlobalSection(SolutionProperties) = preSolution
		HideSolutionNode = FALSE
	EndGlobalSection
	GlobalSection(ExtensibilityGlobals) = postSolution
		SolutionGuid = {C7D17351-6A9D-4C1E-8453-D88829124C3F}
	EndGlobalSection
EndGlobal
